
Microsoft Visual Studio Solution File, Format Version 12.00
# Visual Studio Version 17
VisualStudioVersion = 17.12.35527.113 d17.12
MinimumVisualStudioVersion = 10.0.40219.1
Project("{FAE04EC0-301F-11D3-BF4B-00C04F79EFBC}") = "WatchlistV2", "WatchlistV2\WatchlistV2.csproj", "{30FDB253-EDEF-48D1-A3A4-4F660D8CAEFA}"
EndProject
Global
	GlobalSection(SolutionConfigurationPlatforms) = preSolution
		Debug|Any CPU = Debug|Any CPU
		Release|Any CPU = Release|Any CPU
	EndGlobalSection
	GlobalSection(ProjectConfigurationPlatforms) = postSolution
		{30FDB253-EDEF-48D1-A3A4-4F660D8CAEFA}.Debug|Any CPU.ActiveCfg = Debug|Any CPU
		{30FDB253-EDEF-48D1-A3A4-4F660D8CAEFA}.Debug|Any CPU.Build.0 = Debug|Any CPU
		{30FDB253-EDEF-48D1-A3A4-4F660D8CAEFA}.Release|Any CPU.ActiveCfg = Release|Any CPU
		{30FDB253-EDEF-48D1-A3A4-4F660D8CAEFA}.Release|Any CPU.Build.0 = Release|Any CPU
	EndGlobalSection
	GlobalSection(SolutionProperties) = preSolution
		HideSolutionNode = FALSE
	EndGlobalSection
EndGlobal
